
Microsoft Visual Studio Solution File, Format Version 12.00
# Visual Studio Version 17
VisualStudioVersion = 17.0.31611.283
MinimumVisualStudioVersion = 10.0.40219.1
Project("{9A19103F-16F7-4668-BE54-9A1E7A4F7556}") = "Fluxor.Selectors.MauiDemo", "Fluxor.Selectors.MauiDemo\Fluxor.Selectors.MauiDemo.csproj", "{743F816C-1F23-42CB-9582-1E5315BBAF34}"
EndProject
Project("{9A19103F-16F7-4668-BE54-9A1E7A4F7556}") = "Fluxor.Selectors", "Fluxor.Selectors\Fluxor.Selectors.csproj", "{A5506A13-85E7-4DB9-96A6-328907A08924}"
EndProject
Project("{FAE04EC0-301F-11D3-BF4B-00C04F79EFBC}") = "Fluxor.Selectors.Demo", "Fluxor.Selectors.Demo\Fluxor.Selectors.Demo.csproj", "{8173B510-7BD3-423A-9E2F-3C72D33163C1}"
EndProject
Project("{FAE04EC0-301F-11D3-BF4B-00C04F79EFBC}") = "Fluxor.Selectors.BlazorDemo", "Fluxor.Selectors.BlazorDemo\Fluxor.Selectors.BlazorDemo.csproj", "{784DCC68-D5E1-40AC-ACC1-597F3C974C50}"
EndProject
Global
	GlobalSection(SolutionConfigurationPlatforms) = preSolution
		Debug|Any CPU = Debug|Any CPU
		Release|Any CPU = Release|Any CPU
	EndGlobalSection
	GlobalSection(ProjectConfigurationPlatforms) = postSolution
		{743F816C-1F23-42CB-9582-1E5315BBAF34}.Debug|Any CPU.ActiveCfg = Debug|Any CPU
		{743F816C-1F23-42CB-9582-1E5315BBAF34}.Debug|Any CPU.Build.0 = Debug|Any CPU
		{743F816C-1F23-42CB-9582-1E5315BBAF34}.Debug|Any CPU.Deploy.0 = Debug|Any CPU
		{743F816C-1F23-42CB-9582-1E5315BBAF34}.Release|Any CPU.ActiveCfg = Release|Any CPU
		{743F816C-1F23-42CB-9582-1E5315BBAF34}.Release|Any CPU.Build.0 = Release|Any CPU
		{743F816C-1F23-42CB-9582-1E5315BBAF34}.Release|Any CPU.Deploy.0 = Release|Any CPU
		{A5506A13-85E7-4DB9-96A6-328907A08924}.Debug|Any CPU.ActiveCfg = Debug|Any CPU
		{A5506A13-85E7-4DB9-96A6-328907A08924}.Debug|Any CPU.Build.0 = Debug|Any CPU
		{A5506A13-85E7-4DB9-96A6-328907A08924}.Release|Any CPU.ActiveCfg = Release|Any CPU
		{A5506A13-85E7-4DB9-96A6-328907A08924}.Release|Any CPU.Build.0 = Release|Any CPU
		{8173B510-7BD3-423A-9E2F-3C72D33163C1}.Debug|Any CPU.ActiveCfg = Debug|Any CPU
		{8173B510-7BD3-423A-9E2F-3C72D33163C1}.Debug|Any CPU.Build.0 = Debug|Any CPU
		{8173B510-7BD3-423A-9E2F-3C72D33163C1}.Release|Any CPU.ActiveCfg = Release|Any CPU
		{8173B510-7BD3-423A-9E2F-3C72D33163C1}.Release|Any CPU.Build.0 = Release|Any CPU
		{784DCC68-D5E1-40AC-ACC1-597F3C974C50}.Debug|Any CPU.ActiveCfg = Debug|Any CPU
		{784DCC68-D5E1-40AC-ACC1-597F3C974C50}.Debug|Any CPU.Build.0 = Debug|Any CPU
		{784DCC68-D5E1-40AC-ACC1-597F3C974C50}.Release|Any CPU.ActiveCfg = Release|Any CPU
		{784DCC68-D5E1-40AC-ACC1-597F3C974C50}.Release|Any CPU.Build.0 = Release|Any CPU
	EndGlobalSection
	GlobalSection(SolutionProperties) = preSolution
		HideSolutionNode = FALSE
	EndGlobalSection
	GlobalSection(ExtensibilityGlobals) = postSolution
		SolutionGuid = {61F7FB11-1E47-470C-91E2-47F8143E1572}
	EndGlobalSection
EndGlobal
